
Microsoft Visual Studio Solution File, Format Version 12.00
Project("{FAE04EC0-301F-11D3-BF4B-00C04F79EFBC}") = "APIGateway", "APIGateway\APIGateway.csproj", "{AD502F25-5C13-4F1A-9BC9-9304B8B016B6}"
EndProject
Project("{FAE04EC0-301F-11D3-BF4B-00C04F79EFBC}") = "JwtAuthenticationManager", "JwtAuthenticationManager\JwtAuthenticationManager.csproj", "{53E237E9-82CB-4D8C-9125-C3A415E547C0}"
EndProject
Global
	GlobalSection(SolutionConfigurationPlatforms) = preSolution
		Debug|Any CPU = Debug|Any CPU
		Release|Any CPU = Release|Any CPU
	EndGlobalSection
	GlobalSection(ProjectConfigurationPlatforms) = postSolution
		{AD502F25-5C13-4F1A-9BC9-9304B8B016B6}.Debug|Any CPU.ActiveCfg = Debug|Any CPU
		{AD502F25-5C13-4F1A-9BC9-9304B8B016B6}.Debug|Any CPU.Build.0 = Debug|Any CPU
		{AD502F25-5C13-4F1A-9BC9-9304B8B016B6}.Release|Any CPU.ActiveCfg = Release|Any CPU
		{AD502F25-5C13-4F1A-9BC9-9304B8B016B6}.Release|Any CPU.Build.0 = Release|Any CPU
		{53E237E9-82CB-4D8C-9125-C3A415E547C0}.Debug|Any CPU.ActiveCfg = Debug|Any CPU
		{53E237E9-82CB-4D8C-9125-C3A415E547C0}.Debug|Any CPU.Build.0 = Debug|Any CPU
		{53E237E9-82CB-4D8C-9125-C3A415E547C0}.Release|Any CPU.ActiveCfg = Release|Any CPU
		{53E237E9-82CB-4D8C-9125-C3A415E547C0}.Release|Any CPU.Build.0 = Release|Any CPU
	EndGlobalSection
EndGlobal
